
Microsoft Visual Studio Solution File, Format Version 12.00
# Visual Studio 15
VisualStudioVersion = 15.0.27703.2000
MinimumVisualStudioVersion = 10.0.40219.1
Project("{FAE04EC0-301F-11D3-BF4B-00C04F79EFBC}") = "Looping in CS", "Looping in CS\Looping in CS.csproj", "{D154DFE0-5EFC-40D6-98E0-46A0335DE709}"
EndProject
Global
	GlobalSection(SolutionConfigurationPlatforms) = preSolution
		Debug|Any CPU = Debug|Any CPU
		Release|Any CPU = Release|Any CPU
	EndGlobalSection
	GlobalSection(ProjectConfigurationPlatforms) = postSolution
		{D154DFE0-5EFC-40D6-98E0-46A0335DE709}.Debug|Any CPU.ActiveCfg = Debug|Any CPU
		{D154DFE0-5EFC-40D6-98E0-46A0335DE709}.Debug|Any CPU.Build.0 = Debug|Any CPU
		{D154DFE0-5EFC-40D6-98E0-46A0335DE709}.Release|Any CPU.ActiveCfg = Release|Any CPU
		{D154DFE0-5EFC-40D6-98E0-46A0335DE709}.Release|Any CPU.Build.0 = Release|Any CPU
	EndGlobalSection
	GlobalSection(SolutionProperties) = preSolution
		HideSolutionNode = FALSE
	EndGlobalSection
	GlobalSection(ExtensibilityGlobals) = postSolution
		SolutionGuid = {E8B5EE69-F894-401F-95FB-AC144E943F3C}
	EndGlobalSection
EndGlobal
